
Microsoft Visual Studio Solution File, Format Version 12.00
# Visual Studio 15
VisualStudioVersion = 15.0.28307.852
MinimumVisualStudioVersion = 10.0.40219.1
Project("{FAE04EC0-301F-11D3-BF4B-00C04F79EFBC}") = "ASP.NET_CORE_Final_2019", "ASP.NET_CORE_Final_2019\ASP.NET_CORE_Final_2019.csproj", "{0805678C-F1CC-4CDB-ACDE-F57FBD0298C5}"
EndProject
Global
	GlobalSection(SolutionConfigurationPlatforms) = preSolution
		Debug|Any CPU = Debug|Any CPU
		Release|Any CPU = Release|Any CPU
	EndGlobalSection
	GlobalSection(ProjectConfigurationPlatforms) = postSolution
		{0805678C-F1CC-4CDB-ACDE-F57FBD0298C5}.Debug|Any CPU.ActiveCfg = Debug|Any CPU
		{0805678C-F1CC-4CDB-ACDE-F57FBD0298C5}.Debug|Any CPU.Build.0 = Debug|Any CPU
		{0805678C-F1CC-4CDB-ACDE-F57FBD0298C5}.Release|Any CPU.ActiveCfg = Release|Any CPU
		{0805678C-F1CC-4CDB-ACDE-F57FBD0298C5}.Release|Any CPU.Build.0 = Release|Any CPU
	EndGlobalSection
	GlobalSection(SolutionProperties) = preSolution
		HideSolutionNode = FALSE
	EndGlobalSection
	GlobalSection(ExtensibilityGlobals) = postSolution
		SolutionGuid = {BA8C5F4D-7736-4109-826C-AD46A0E7E961}
	EndGlobalSection
EndGlobal
